// !$*UTF8*$!
{
	archiveVersion = 1;
	classes = {
	};
	objectVersion = 56;
	objects = {

/* Begin PBXBuildFile section */
		1C1C0CDD29DA108D0038B51F /* OuraAccountManagerVC.swift in Sources */ = {isa = PBXBuildFile; fileRef = 1C1C0CDC29DA108D0038B51F /* OuraAccountManagerVC.swift */; };
		1C3AFC6629E08CBA00A93334 /* TextToSpeech.swift in Sources */ = {isa = PBXBuildFile; fileRef = 1C3AFC6529E08CBA00A93334 /* TextToSpeech.swift */; };
		1C63714529DF92D8008EA76F /* VerticalPageControl.swift in Sources */ = {isa = PBXBuildFile; fileRef = 1C63714429DF92D8008EA76F /* VerticalPageControl.swift */; };
		1C63714729DF9F9F008EA76F /* LandingPageVC.swift in Sources */ = {isa = PBXBuildFile; fileRef = 1C63714629DF9F9F008EA76F /* LandingPageVC.swift */; };
		1C63714929DFA05C008EA76F /* UserAccountControlView.swift in Sources */ = {isa = PBXBuildFile; fileRef = 1C63714829DFA05C008EA76F /* UserAccountControlView.swift */; };
		1C63714B29DFA797008EA76F /* CircularProgressBarView.swift in Sources */ = {isa = PBXBuildFile; fileRef = 1C63714A29DFA797008EA76F /* CircularProgressBarView.swift */; };
		1C63714D29DFAB2C008EA76F /* SleepStatsUserControl.swift in Sources */ = {isa = PBXBuildFile; fileRef = 1C63714C29DFAB2C008EA76F /* SleepStatsUserControl.swift */; };
		1C63714F29DFB914008EA76F /* ActivitySummaryCell.swift in Sources */ = {isa = PBXBuildFile; fileRef = 1C63714E29DFB914008EA76F /* ActivitySummaryCell.swift */; };
		1C63715129DFB95F008EA76F /* ActivityDescriptionCell.swift in Sources */ = {isa = PBXBuildFile; fileRef = 1C63715029DFB95F008EA76F /* ActivityDescriptionCell.swift */; };
		1C63715329DFCBFA008EA76F /* Checkbox.swift in Sources */ = {isa = PBXBuildFile; fileRef = 1C63715229DFCBFA008EA76F /* Checkbox.swift */; };
		1C63715529DFD2CC008EA76F /* MinMaxTableView.swift in Sources */ = {isa = PBXBuildFile; fileRef = 1C63715429DFD2CC008EA76F /* MinMaxTableView.swift */; };
		1C7E235529C297F800D8820D /* ActivityRecommender.swift in Sources */ = {isa = PBXBuildFile; fileRef = 1C7E235429C297F800D8820D /* ActivityRecommender.swift */; };
		1C7E235929C29AB200D8820D /* Activity+Ext.swift in Sources */ = {isa = PBXBuildFile; fileRef = 1C7E235829C29AB200D8820D /* Activity+Ext.swift */; };
		1CD7ED4F29E116350006F735 /* OuraClient.swift in Sources */ = {isa = PBXBuildFile; fileRef = 1CD7ED4E29E116350006F735 /* OuraClient.swift */; };
		1CD7ED5329E134E30006F735 /* OuraAccessTokenRequest.swift in Sources */ = {isa = PBXBuildFile; fileRef = 1CD7ED5229E134E30006F735 /* OuraAccessTokenRequest.swift */; };
		1CD7ED5729E149910006F735 /* OuraPersonalInfoResponse.swift in Sources */ = {isa = PBXBuildFile; fileRef = 1CD7ED5629E149910006F735 /* OuraPersonalInfoResponse.swift */; };
		1CF53AB729C6989100E12489 /* ActivityRecommendationCell.swift in Sources */ = {isa = PBXBuildFile; fileRef = 1CF53AB629C6989100E12489 /* ActivityRecommendationCell.swift */; };
		1CF53AB929C6A26600E12489 /* DataController.swift in Sources */ = {isa = PBXBuildFile; fileRef = 1CF53AB829C6A26600E12489 /* DataController.swift */; };
		1CF53ABB29C6A29700E12489 /* CoreDataStackViewController.swift in Sources */ = {isa = PBXBuildFile; fileRef = 1CF53ABA29C6A29700E12489 /* CoreDataStackViewController.swift */; };
		1CF53ABD29C6A31800E12489 /* TabBarRootViewController.swift in Sources */ = {isa = PBXBuildFile; fileRef = 1CF53ABC29C6A31800E12489 /* TabBarRootViewController.swift */; };
		1CF677F929BEDDB100B523E0 /* AppDelegate.swift in Sources */ = {isa = PBXBuildFile; fileRef = 1CF677F829BEDDB100B523E0 /* AppDelegate.swift */; };
		1CF677FB29BEDDB100B523E0 /* SceneDelegate.swift in Sources */ = {isa = PBXBuildFile; fileRef = 1CF677FA29BEDDB100B523E0 /* SceneDelegate.swift */; };
		1CF677FD29BEDDB100B523E0 /* ActivityRecommenderVC.swift in Sources */ = {isa = PBXBuildFile; fileRef = 1CF677FC29BEDDB100B523E0 /* ActivityRecommenderVC.swift */; };
		1CF6780029BEDDB100B523E0 /* Main.storyboard in Resources */ = {isa = PBXBuildFile; fileRef = 1CF677FE29BEDDB100B523E0 /* Main.storyboard */; };
		1CF6780329BEDDB100B523E0 /* REMSpace.xcdatamodeld in Sources */ = {isa = PBXBuildFile; fileRef = 1CF6780129BEDDB100B523E0 /* REMSpace.xcdatamodeld */; };
		1CF6780529BEDDB200B523E0 /* Assets.xcassets in Resources */ = {isa = PBXBuildFile; fileRef = 1CF6780429BEDDB200B523E0 /* Assets.xcassets */; };
		1CF6780829BEDDB200B523E0 /* LaunchScreen.storyboard in Resources */ = {isa = PBXBuildFile; fileRef = 1CF6780629BEDDB200B523E0 /* LaunchScreen.storyboard */; };
		1CF720EC29E354F0001DCD41 /* OuraSleepResponse.swift in Sources */ = {isa = PBXBuildFile; fileRef = 1CF720EB29E354F0001DCD41 /* OuraSleepResponse.swift */; };
/* End PBXBuildFile section */

/* Begin PBXFileReference section */
		1C1C0CDC29DA108D0038B51F /* OuraAccountManagerVC.swift */ = {isa = PBXFileReference; lastKnownFileType = sourcecode.swift; path = OuraAccountManagerVC.swift; sourceTree = "<group>"; };
		1C3AFC6529E08CBA00A93334 /* TextToSpeech.swift */ = {isa = PBXFileReference; lastKnownFileType = sourcecode.swift; path = TextToSpeech.swift; sourceTree = "<group>"; };
		1C63714429DF92D8008EA76F /* VerticalPageControl.swift */ = {isa = PBXFileReference; lastKnownFileType = sourcecode.swift; path = VerticalPageControl.swift; sourceTree = "<group>"; };
		1C63714629DF9F9F008EA76F /* LandingPageVC.swift */ = {isa = PBXFileReference; lastKnownFileType = sourcecode.swift; path = LandingPageVC.swift; sourceTree = "<group>"; };
		1C63714829DFA05C008EA76F /* UserAccountControlView.swift */ = {isa = PBXFileReference; lastKnownFileType = sourcecode.swift; path = UserAccountControlView.swift; sourceTree = "<group>"; };
		1C63714A29DFA797008EA76F /* CircularProgressBarView.swift */ = {isa = PBXFileReference; lastKnownFileType = sourcecode.swift; path = CircularProgressBarView.swift; sourceTree = "<group>"; };
		1C63714C29DFAB2C008EA76F /* SleepStatsUserControl.swift */ = {isa = PBXFileReference; lastKnownFileType = sourcecode.swift; path = SleepStatsUserControl.swift; sourceTree = "<group>"; };
		1C63714E29DFB914008EA76F /* ActivitySummaryCell.swift */ = {isa = PBXFileReference; lastKnownFileType = sourcecode.swift; path = ActivitySummaryCell.swift; sourceTree = "<group>"; };
		1C63715029DFB95F008EA76F /* ActivityDescriptionCell.swift */ = {isa = PBXFileReference; lastKnownFileType = sourcecode.swift; path = ActivityDescriptionCell.swift; sourceTree = "<group>"; };
		1C63715229DFCBFA008EA76F /* Checkbox.swift */ = {isa = PBXFileReference; lastKnownFileType = sourcecode.swift; path = Checkbox.swift; sourceTree = "<group>"; };
		1C63715429DFD2CC008EA76F /* MinMaxTableView.swift */ = {isa = PBXFileReference; lastKnownFileType = sourcecode.swift; path = MinMaxTableView.swift; sourceTree = "<group>"; };
		1C7E235429C297F800D8820D /* ActivityRecommender.swift */ = {isa = PBXFileReference; lastKnownFileType = sourcecode.swift; path = ActivityRecommender.swift; sourceTree = "<group>"; };
		1C7E235829C29AB200D8820D /* Activity+Ext.swift */ = {isa = PBXFileReference; lastKnownFileType = sourcecode.swift; path = "Activity+Ext.swift"; sourceTree = "<group>"; };
		1CD7ED4E29E116350006F735 /* OuraClient.swift */ = {isa = PBXFileReference; lastKnownFileType = sourcecode.swift; path = OuraClient.swift; sourceTree = "<group>"; };
		1CD7ED5229E134E30006F735 /* OuraAccessTokenRequest.swift */ = {isa = PBXFileReference; lastKnownFileType = sourcecode.swift; path = OuraAccessTokenRequest.swift; sourceTree = "<group>"; };
		1CD7ED5629E149910006F735 /* OuraPersonalInfoResponse.swift */ = {isa = PBXFileReference; lastKnownFileType = sourcecode.swift; path = OuraPersonalInfoResponse.swift; sourceTree = "<group>"; };
		1CF53AB629C6989100E12489 /* ActivityRecommendationCell.swift */ = {isa = PBXFileReference; lastKnownFileType = sourcecode.swift; path = ActivityRecommendationCell.swift; sourceTree = "<group>"; };
		1CF53AB829C6A26600E12489 /* DataController.swift */ = {isa = PBXFileReference; lastKnownFileType = sourcecode.swift; path = DataController.swift; sourceTree = "<group>"; };
		1CF53ABA29C6A29700E12489 /* CoreDataStackViewController.swift */ = {isa = PBXFileReference; lastKnownFileType = sourcecode.swift; path = CoreDataStackViewController.swift; sourceTree = "<group>"; };
		1CF53ABC29C6A31800E12489 /* TabBarRootViewController.swift */ = {isa = PBXFileReference; lastKnownFileType = sourcecode.swift; path = TabBarRootViewController.swift; sourceTree = "<group>"; };
		1CF677F529BEDDB100B523E0 /* REMSpace.app */ = {isa = PBXFileReference; explicitFileType = wrapper.application; includeInIndex = 0; path = REMSpace.app; sourceTree = BUILT_PRODUCTS_DIR; };
		1CF677F829BEDDB100B523E0 /* AppDelegate.swift */ = {isa = PBXFileReference; lastKnownFileType = sourcecode.swift; path = AppDelegate.swift; sourceTree = "<group>"; };
		1CF677FA29BEDDB100B523E0 /* SceneDelegate.swift */ = {isa = PBXFileReference; lastKnownFileType = sourcecode.swift; path = SceneDelegate.swift; sourceTree = "<group>"; };
		1CF677FC29BEDDB100B523E0 /* ActivityRecommenderVC.swift */ = {isa = PBXFileReference; lastKnownFileType = sourcecode.swift; path = ActivityRecommenderVC.swift; sourceTree = "<group>"; };
		1CF677FF29BEDDB100B523E0 /* Base */ = {isa = PBXFileReference; lastKnownFileType = file.storyboard; name = Base; path = Base.lproj/Main.storyboard; sourceTree = "<group>"; };
		1CF6780229BEDDB100B523E0 /* REMSpace.xcdatamodel */ = {isa = PBXFileReference; lastKnownFileType = wrapper.xcdatamodel; path = REMSpace.xcdatamodel; sourceTree = "<group>"; };
		1CF6780429BEDDB200B523E0 /* Assets.xcassets */ = {isa = PBXFileReference; lastKnownFileType = folder.assetcatalog; path = Assets.xcassets; sourceTree = "<group>"; };
		1CF6780729BEDDB200B523E0 /* Base */ = {isa = PBXFileReference; lastKnownFileType = file.storyboard; name = Base; path = Base.lproj/LaunchScreen.storyboard; sourceTree = "<group>"; };
		1CF6780929BEDDB200B523E0 /* Info.plist */ = {isa = PBXFileReference; lastKnownFileType = text.plist.xml; path = Info.plist; sourceTree = "<group>"; };
		1CF720EB29E354F0001DCD41 /* OuraSleepResponse.swift */ = {isa = PBXFileReference; lastKnownFileType = sourcecode.swift; path = OuraSleepResponse.swift; sourceTree = "<group>"; };
/* End PBXFileReference section */

/* Begin PBXFrameworksBuildPhase section */
		1CF677F229BEDDB100B523E0 /* Frameworks */ = {
			isa = PBXFrameworksBuildPhase;
			buildActionMask = 2147483647;
			files = (
			);
			runOnlyForDeploymentPostprocessing = 0;
		};
/* End PBXFrameworksBuildPhase section */

/* Begin PBXGroup section */
		1C7E235129C2969300D8820D /* Model */ = {
			isa = PBXGroup;
			children = (
				1CF6780129BEDDB100B523E0 /* REMSpace.xcdatamodeld */,
				1C7E235429C297F800D8820D /* ActivityRecommender.swift */,
				1C7E235829C29AB200D8820D /* Activity+Ext.swift */,
				1CF53AB829C6A26600E12489 /* DataController.swift */,
				1C3AFC6529E08CBA00A93334 /* TextToSpeech.swift */,
			);
			path = Model;
			sourceTree = "<group>";
		};
		1C7E235229C296A000D8820D /* View */ = {
			isa = PBXGroup;
			children = (
				1CF53AB629C6989100E12489 /* ActivityRecommendationCell.swift */,
				1C63714429DF92D8008EA76F /* VerticalPageControl.swift */,
				1C63714829DFA05C008EA76F /* UserAccountControlView.swift */,
				1C63714A29DFA797008EA76F /* CircularProgressBarView.swift */,
				1C63714C29DFAB2C008EA76F /* SleepStatsUserControl.swift */,
				1C63714E29DFB914008EA76F /* ActivitySummaryCell.swift */,
				1C63715029DFB95F008EA76F /* ActivityDescriptionCell.swift */,
				1C63715229DFCBFA008EA76F /* Checkbox.swift */,
				1C63715429DFD2CC008EA76F /* MinMaxTableView.swift */,
			);
			path = View;
			sourceTree = "<group>";
		};
		1C7E235329C296A500D8820D /* Controller */ = {
			isa = PBXGroup;
			children = (
				1CF677FC29BEDDB100B523E0 /* ActivityRecommenderVC.swift */,
				1CF53ABA29C6A29700E12489 /* CoreDataStackViewController.swift */,
				1CF53ABC29C6A31800E12489 /* TabBarRootViewController.swift */,
				1C1C0CDC29DA108D0038B51F /* OuraAccountManagerVC.swift */,
				1C63714629DF9F9F008EA76F /* LandingPageVC.swift */,
			);
			path = Controller;
			sourceTree = "<group>";
		};
		1CD7ED4D29E1156B0006F735 /* Oura Client */ = {
			isa = PBXGroup;
			children = (
				1CD7ED5029E134B20006F735 /* Requests */,
				1CD7ED5129E134C10006F735 /* Responses */,
				1CD7ED4E29E116350006F735 /* OuraClient.swift */,
			);
			path = "Oura Client";
			sourceTree = "<group>";
		};
		1CD7ED5029E134B20006F735 /* Requests */ = {
			isa = PBXGroup;
			children = (
				1CD7ED5229E134E30006F735 /* OuraAccessTokenRequest.swift */,
			);
			path = Requests;
			sourceTree = "<group>";
		};
		1CD7ED5129E134C10006F735 /* Responses */ = {
			isa = PBXGroup;
			children = (
				1CD7ED5629E149910006F735 /* OuraPersonalInfoResponse.swift */,
				1CF720EB29E354F0001DCD41 /* OuraSleepResponse.swift */,
			);
			path = Responses;
			sourceTree = "<group>";
		};
		1CF677EC29BEDDB100B523E0 = {
			isa = PBXGroup;
			children = (
				1CF677F729BEDDB100B523E0 /* REMSpace */,
				1CF677F629BEDDB100B523E0 /* Products */,
			);
			sourceTree = "<group>";
		};
		1CF677F629BEDDB100B523E0 /* Products */ = {
			isa = PBXGroup;
			children = (
				1CF677F529BEDDB100B523E0 /* REMSpace.app */,
			);
			name = Products;
			sourceTree = "<group>";
		};
		1CF677F729BEDDB100B523E0 /* REMSpace */ = {
			isa = PBXGroup;
			children = (
				1CD7ED4D29E1156B0006F735 /* Oura Client */,
				1C7E235329C296A500D8820D /* Controller */,
				1C7E235229C296A000D8820D /* View */,
				1C7E235129C2969300D8820D /* Model */,
				1CF677F829BEDDB100B523E0 /* AppDelegate.swift */,
				1CF677FA29BEDDB100B523E0 /* SceneDelegate.swift */,
				1CF677FE29BEDDB100B523E0 /* Main.storyboard */,
				1CF6780429BEDDB200B523E0 /* Assets.xcassets */,
				1CF6780629BEDDB200B523E0 /* LaunchScreen.storyboard */,
				1CF6780929BEDDB200B523E0 /* Info.plist */,
			);
			path = REMSpace;
			sourceTree = "<group>";
		};
/* End PBXGroup section */

/* Begin PBXNativeTarget section */
		1CF677F429BEDDB100B523E0 /* REMSpace */ = {
			isa = PBXNativeTarget;
			buildConfigurationList = 1CF6780C29BEDDB200B523E0 /* Build configuration list for PBXNativeTarget "REMSpace" */;
			buildPhases = (
				1CF677F129BEDDB100B523E0 /* Sources */,
				1CF677F229BEDDB100B523E0 /* Frameworks */,
				1CF677F329BEDDB100B523E0 /* Resources */,
			);
			buildRules = (
			);
			dependencies = (
			);
			name = REMSpace;
			productName = REMSpace;
			productReference = 1CF677F529BEDDB100B523E0 /* REMSpace.app */;
			productType = "com.apple.product-type.application";
		};
/* End PBXNativeTarget section */

/* Begin PBXProject section */
		1CF677ED29BEDDB100B523E0 /* Project object */ = {
			isa = PBXProject;
			attributes = {
				BuildIndependentTargetsInParallel = 1;
				LastSwiftUpdateCheck = 1420;
				LastUpgradeCheck = 1420;
				TargetAttributes = {
					1CF677F429BEDDB100B523E0 = {
						CreatedOnToolsVersion = 14.2;
					};
				};
			};
			buildConfigurationList = 1CF677F029BEDDB100B523E0 /* Build configuration list for PBXProject "REMSpace" */;
			compatibilityVersion = "Xcode 14.0";
			developmentRegion = en;
			hasScannedForEncodings = 0;
			knownRegions = (
				en,
				Base,
			);
			mainGroup = 1CF677EC29BEDDB100B523E0;
			productRefGroup = 1CF677F629BEDDB100B523E0 /* Products */;
			projectDirPath = "";
			projectRoot = "";
			targets = (
				1CF677F429BEDDB100B523E0 /* REMSpace */,
			);
		};
/* End PBXProject section */

/* Begin PBXResourcesBuildPhase section */
		1CF677F329BEDDB100B523E0 /* Resources */ = {
			isa = PBXResourcesBuildPhase;
			buildActionMask = 2147483647;
			files = (
				1CF6780829BEDDB200B523E0 /* LaunchScreen.storyboard in Resources */,
				1CF6780529BEDDB200B523E0 /* Assets.xcassets in Resources */,
				1CF6780029BEDDB100B523E0 /* Main.storyboard in Resources */,
			);
			runOnlyForDeploymentPostprocessing = 0;
		};
/* End PBXResourcesBuildPhase section */

/* Begin PBXSourcesBuildPhase section */
		1CF677F129BEDDB100B523E0 /* Sources */ = {
			isa = PBXSourcesBuildPhase;
			buildActionMask = 2147483647;
			files = (
				1C7E235929C29AB200D8820D /* Activity+Ext.swift in Sources */,
				1CF677FD29BEDDB100B523E0 /* ActivityRecommenderVC.swift in Sources */,
				1CF6780329BEDDB100B523E0 /* REMSpace.xcdatamodeld in Sources */,
				1C63714929DFA05C008EA76F /* UserAccountControlView.swift in Sources */,
				1C3AFC6629E08CBA00A93334 /* TextToSpeech.swift in Sources */,
				1C63714B29DFA797008EA76F /* CircularProgressBarView.swift in Sources */,
				1CF720EC29E354F0001DCD41 /* OuraSleepResponse.swift in Sources */,
				1C7E235529C297F800D8820D /* ActivityRecommender.swift in Sources */,
				1CF53ABD29C6A31800E12489 /* TabBarRootViewController.swift in Sources */,
				1C63715129DFB95F008EA76F /* ActivityDescriptionCell.swift in Sources */,
				1C63715329DFCBFA008EA76F /* Checkbox.swift in Sources */,
				1CF677F929BEDDB100B523E0 /* AppDelegate.swift in Sources */,
				1CF53AB929C6A26600E12489 /* DataController.swift in Sources */,
				1CF53ABB29C6A29700E12489 /* CoreDataStackViewController.swift in Sources */,
				1CD7ED4F29E116350006F735 /* OuraClient.swift in Sources */,
				1C63714529DF92D8008EA76F /* VerticalPageControl.swift in Sources */,
				1C1C0CDD29DA108D0038B51F /* OuraAccountManagerVC.swift in Sources */,
				1CF677FB29BEDDB100B523E0 /* SceneDelegate.swift in Sources */,
				1CF53AB729C6989100E12489 /* ActivityRecommendationCell.swift in Sources */,
				1CD7ED5329E134E30006F735 /* OuraAccessTokenRequest.swift in Sources */,
				1C63714D29DFAB2C008EA76F /* SleepStatsUserControl.swift in Sources */,
				1CD7ED5729E149910006F735 /* OuraPersonalInfoResponse.swift in Sources */,
				1C63715529DFD2CC008EA76F /* MinMaxTableView.swift in Sources */,
				1C63714729DF9F9F008EA76F /* LandingPageVC.swift in Sources */,
				1C63714F29DFB914008EA76F /* ActivitySummaryCell.swift in Sources */,
			);
			runOnlyForDeploymentPostprocessing = 0;
		};
/* End PBXSourcesBuildPhase section */

/* Begin PBXVariantGroup section */
		1CF677FE29BEDDB100B523E0 /* Main.storyboard */ = {
			isa = PBXVariantGroup;
			children = (
				1CF677FF29BEDDB100B523E0 /* Base */,
			);
			name = Main.storyboard;
			sourceTree = "<group>";
		};
		1CF6780629BEDDB200B523E0 /* LaunchScreen.storyboard */ = {
			isa = PBXVariantGroup;
			children = (
				1CF6780729BEDDB200B523E0 /* Base */,
			);
			name = LaunchScreen.storyboard;
			sourceTree = "<group>";
		};
/* End PBXVariantGroup section */

/* Begin XCBuildConfiguration section */
		1CF6780A29BEDDB200B523E0 /* Debug */ = {
			isa = XCBuildConfiguration;
			buildSettings = {
				ALWAYS_SEARCH_USER_PATHS = NO;
				CLANG_ANALYZER_NONNULL = YES;
				CLANG_ANALYZER_NUMBER_OBJECT_CONVERSION = YES_AGGRESSIVE;
				CLANG_CXX_LANGUAGE_STANDARD = "gnu++20";
				CLANG_ENABLE_MODULES = YES;
				CLANG_ENABLE_OBJC_ARC = YES;
				CLANG_ENABLE_OBJC_WEAK = YES;
				CLANG_WARN_BLOCK_CAPTURE_AUTORELEASING = YES;
				CLANG_WARN_BOOL_CONVERSION = YES;
				CLANG_WARN_COMMA = YES;
				CLANG_WARN_CONSTANT_CONVERSION = YES;
				CLANG_WARN_DEPRECATED_OBJC_IMPLEMENTATIONS = YES;
				CLANG_WARN_DIRECT_OBJC_ISA_USAGE = YES_ERROR;
				CLANG_WARN_DOCUMENTATION_COMMENTS = YES;
				CLANG_WARN_EMPTY_BODY = YES;
				CLANG_WARN_ENUM_CONVERSION = YES;
				CLANG_WARN_INFINITE_RECURSION = YES;
				CLANG_WARN_INT_CONVERSION = YES;
				CLANG_WARN_NON_LITERAL_NULL_CONVERSION = YES;
				CLANG_WARN_OBJC_IMPLICIT_RETAIN_SELF = YES;
				CLANG_WARN_OBJC_LITERAL_CONVERSION = YES;
				CLANG_WARN_OBJC_ROOT_CLASS = YES_ERROR;
				CLANG_WARN_QUOTED_INCLUDE_IN_FRAMEWORK_HEADER = YES;
				CLANG_WARN_RANGE_LOOP_ANALYSIS = YES;
				CLANG_WARN_STRICT_PROTOTYPES = YES;
				CLANG_WARN_SUSPICIOUS_MOVE = YES;
				CLANG_WARN_UNGUARDED_AVAILABILITY = YES_AGGRESSIVE;
				CLANG_WARN_UNREACHABLE_CODE = YES;
				CLANG_WARN__DUPLICATE_METHOD_MATCH = YES;
				COPY_PHASE_STRIP = NO;
				DEBUG_INFORMATION_FORMAT = dwarf;
				ENABLE_STRICT_OBJC_MSGSEND = YES;
				ENABLE_TESTABILITY = YES;
				GCC_C_LANGUAGE_STANDARD = gnu11;
				GCC_DYNAMIC_NO_PIC = NO;
				GCC_NO_COMMON_BLOCKS = YES;
				GCC_OPTIMIZATION_LEVEL = 0;
				GCC_PREPROCESSOR_DEFINITIONS = (
					"DEBUG=1",
					"$(inherited)",
				);
				GCC_WARN_64_TO_32_BIT_CONVERSION = YES;
				GCC_WARN_ABOUT_RETURN_TYPE = YES_ERROR;
				GCC_WARN_UNDECLARED_SELECTOR = YES;
				GCC_WARN_UNINITIALIZED_AUTOS = YES_AGGRESSIVE;
				GCC_WARN_UNUSED_FUNCTION = YES;
				GCC_WARN_UNUSED_VARIABLE = YES;
				IPHONEOS_DEPLOYMENT_TARGET = 16.2;
				MTL_ENABLE_DEBUG_INFO = INCLUDE_SOURCE;
				MTL_FAST_MATH = YES;
				ONLY_ACTIVE_ARCH = YES;
				SDKROOT = iphoneos;
				SWIFT_ACTIVE_COMPILATION_CONDITIONS = DEBUG;
				SWIFT_OPTIMIZATION_LEVEL = "-Onone";
			};
			name = Debug;
		};
		1CF6780B29BEDDB200B523E0 /* Release */ = {
			isa = XCBuildConfiguration;
			buildSettings = {
				ALWAYS_SEARCH_USER_PATHS = NO;
				CLANG_ANALYZER_NONNULL = YES;
				CLANG_ANALYZER_NUMBER_OBJECT_CONVERSION = YES_AGGRESSIVE;
				CLANG_CXX_LANGUAGE_STANDARD = "gnu++20";
				CLANG_ENABLE_MODULES = YES;
				CLANG_ENABLE_OBJC_ARC = YES;
				CLANG_ENABLE_OBJC_WEAK = YES;
				CLANG_WARN_BLOCK_CAPTURE_AUTORELEASING = YES;
				CLANG_WARN_BOOL_CONVERSION = YES;
				CLANG_WARN_COMMA = YES;
				CLANG_WARN_CONSTANT_CONVERSION = YES;
				CLANG_WARN_DEPRECATED_OBJC_IMPLEMENTATIONS = YES;
				CLANG_WARN_DIRECT_OBJC_ISA_USAGE = YES_ERROR;
				CLANG_WARN_DOCUMENTATION_COMMENTS = YES;
				CLANG_WARN_EMPTY_BODY = YES;
				CLANG_WARN_ENUM_CONVERSION = YES;
				CLANG_WARN_INFINITE_RECURSION = YES;
				CLANG_WARN_INT_CONVERSION = YES;
				CLANG_WARN_NON_LITERAL_NULL_CONVERSION = YES;
				CLANG_WARN_OBJC_IMPLICIT_RETAIN_SELF = YES;
				CLANG_WARN_OBJC_LITERAL_CONVERSION = YES;
				CLANG_WARN_OBJC_ROOT_CLASS = YES_ERROR;
				CLANG_WARN_QUOTED_INCLUDE_IN_FRAMEWORK_HEADER = YES;
				CLANG_WARN_RANGE_LOOP_ANALYSIS = YES;
				CLANG_WARN_STRICT_PROTOTYPES = YES;
				CLANG_WARN_SUSPICIOUS_MOVE = YES;
				CLANG_WARN_UNGUARDED_AVAILABILITY = YES_AGGRESSIVE;
				CLANG_WARN_UNREACHABLE_CODE = YES;
				CLANG_WARN__DUPLICATE_METHOD_MATCH = YES;
				COPY_PHASE_STRIP = NO;
				DEBUG_INFORMATION_FORMAT = "dwarf-with-dsym";
				ENABLE_NS_ASSERTIONS = NO;
				ENABLE_STRICT_OBJC_MSGSEND = YES;
				GCC_C_LANGUAGE_STANDARD = gnu11;
				GCC_NO_COMMON_BLOCKS = YES;
				GCC_WARN_64_TO_32_BIT_CONVERSION = YES;
				GCC_WARN_ABOUT_RETURN_TYPE = YES_ERROR;
				GCC_WARN_UNDECLARED_SELECTOR = YES;
				GCC_WARN_UNINITIALIZED_AUTOS = YES_AGGRESSIVE;
				GCC_WARN_UNUSED_FUNCTION = YES;
				GCC_WARN_UNUSED_VARIABLE = YES;
				IPHONEOS_DEPLOYMENT_TARGET = 16.2;
				MTL_ENABLE_DEBUG_INFO = NO;
				MTL_FAST_MATH = YES;
				SDKROOT = iphoneos;
				SWIFT_COMPILATION_MODE = wholemodule;
				SWIFT_OPTIMIZATION_LEVEL = "-O";
				VALIDATE_PRODUCT = YES;
			};
			name = Release;
		};
		1CF6780D29BEDDB200B523E0 /* Debug */ = {
			isa = XCBuildConfiguration;
			buildSettings = {
				ASSETCATALOG_COMPILER_APPICON_NAME = AppIcon;
				ASSETCATALOG_COMPILER_GLOBAL_ACCENT_COLOR_NAME = AccentColor;
				CODE_SIGN_STYLE = Automatic;
				CURRENT_PROJECT_VERSION = 1;
				DEVELOPMENT_TEAM = Z436KNXBM3;
				GENERATE_INFOPLIST_FILE = YES;
				INFOPLIST_FILE = REMSpace/Info.plist;
				INFOPLIST_KEY_UIApplicationSupportsIndirectInputEvents = YES;
				INFOPLIST_KEY_UILaunchStoryboardName = LaunchScreen;
				INFOPLIST_KEY_UIMainStoryboardFile = Main;
				INFOPLIST_KEY_UISupportedInterfaceOrientations_iPad = "UIInterfaceOrientationPortrait UIInterfaceOrientationPortraitUpsideDown UIInterfaceOrientationLandscapeLeft UIInterfaceOrientationLandscapeRight";
				INFOPLIST_KEY_UISupportedInterfaceOrientations_iPhone = "UIInterfaceOrientationPortrait UIInterfaceOrientationLandscapeLeft UIInterfaceOrientationLandscapeRight";
				IPHONEOS_DEPLOYMENT_TARGET = 15.0;
				LD_RUNPATH_SEARCH_PATHS = (
					"$(inherited)",
					"@executable_path/Frameworks",
				);
				MARKETING_VERSION = 1.0;
				PRODUCT_BUNDLE_IDENTIFIER = com.tau.REMSpace;
				PRODUCT_NAME = "$(TARGET_NAME)";
				SWIFT_EMIT_LOC_STRINGS = YES;
				SWIFT_VERSION = 5.0;
				TARGETED_DEVICE_FAMILY = "1,2";
			};
			name = Debug;
		};
		1CF6780E29BEDDB200B523E0 /* Release */ = {
			isa = XCBuildConfiguration;
			buildSettings = {
				ASSETCATALOG_COMPILER_APPICON_NAME = AppIcon;
				ASSETCATALOG_COMPILER_GLOBAL_ACCENT_COLOR_NAME = AccentColor;
				CODE_SIGN_STYLE = Automatic;
				CURRENT_PROJECT_VERSION = 1;
				DEVELOPMENT_TEAM = Z436KNXBM3;
				GENERATE_INFOPLIST_FILE = YES;
				INFOPLIST_FILE = REMSpace/Info.plist;
				INFOPLIST_KEY_UIApplicationSupportsIndirectInputEvents = YES;
				INFOPLIST_KEY_UILaunchStoryboardName = LaunchScreen;
				INFOPLIST_KEY_UIMainStoryboardFile = Main;
				INFOPLIST_KEY_UISupportedInterfaceOrientations_iPad = "UIInterfaceOrientationPortrait UIInterfaceOrientationPortraitUpsideDown UIInterfaceOrientationLandscapeLeft UIInterfaceOrientationLandscapeRight";
				INFOPLIST_KEY_UISupportedInterfaceOrientations_iPhone = "UIInterfaceOrientationPortrait UIInterfaceOrientationLandscapeLeft UIInterfaceOrientationLandscapeRight";
				IPHONEOS_DEPLOYMENT_TARGET = 15.0;
				LD_RUNPATH_SEARCH_PATHS = (
					"$(inherited)",
					"@executable_path/Frameworks",
				);
				MARKETING_VERSION = 1.0;
				PRODUCT_BUNDLE_IDENTIFIER = com.tau.REMSpace;
				PRODUCT_NAME = "$(TARGET_NAME)";
				SWIFT_EMIT_LOC_STRINGS = YES;
				SWIFT_VERSION = 5.0;
				TARGETED_DEVICE_FAMILY = "1,2";
			};
			name = Release;
		};
/* End XCBuildConfiguration section */

/* Begin XCConfigurationList section */
		1CF677F029BEDDB100B523E0 /* Build configuration list for PBXProject "REMSpace" */ = {
			isa = XCConfigurationList;
			buildConfigurations = (
				1CF6780A29BEDDB200B523E0 /* Debug */,
				1CF6780B29BEDDB200B523E0 /* Release */,
			);
			defaultConfigurationIsVisible = 0;
			defaultConfigurationName = Release;
		};
		1CF6780C29BEDDB200B523E0 /* Build configuration list for PBXNativeTarget "REMSpace" */ = {
			isa = XCConfigurationList;
			buildConfigurations = (
				1CF6780D29BEDDB200B523E0 /* Debug */,
				1CF6780E29BEDDB200B523E0 /* Release */,
			);
			defaultConfigurationIsVisible = 0;
			defaultConfigurationName = Release;
		};
/* End XCConfigurationList section */

/* Begin XCVersionGroup section */
		1CF6780129BEDDB100B523E0 /* REMSpace.xcdatamodeld */ = {
			isa = XCVersionGroup;
			children = (
				1CF6780229BEDDB100B523E0 /* REMSpace.xcdatamodel */,
			);
			currentVersion = 1CF6780229BEDDB100B523E0 /* REMSpace.xcdatamodel */;
			path = REMSpace.xcdatamodeld;
			sourceTree = "<group>";
			versionGroupType = wrapper.xcdatamodel;
		};
/* End XCVersionGroup section */
	};
	rootObject = 1CF677ED29BEDDB100B523E0 /* Project object */;
}
